// !$*UTF8*$!
{
	archiveVersion = 1;
	classes = {
	};
	objectVersion = 56;
	objects = {

/* Begin PBXBuildFile section */
		6DAF39362B3F8C990050918E /* messaging_appApp.swift in Sources */ = {isa = PBXBuildFile; fileRef = 6DAF39352B3F8C990050918E /* messaging_appApp.swift */; };
		6DAF39382B3F8C990050918E /* ContentView.swift in Sources */ = {isa = PBXBuildFile; fileRef = 6DAF39372B3F8C990050918E /* ContentView.swift */; };
		6DAF393A2B3F8C9A0050918E /* Assets.xcassets in Resources */ = {isa = PBXBuildFile; fileRef = 6DAF39392B3F8C9A0050918E /* Assets.xcassets */; };
		6DAF393D2B3F8C9A0050918E /* Preview Assets.xcassets in Resources */ = {isa = PBXBuildFile; fileRef = 6DAF393C2B3F8C9A0050918E /* Preview Assets.xcassets */; };
		6DAF39472B3F8C9A0050918E /* messaging_appTests.swift in Sources */ = {isa = PBXBuildFile; fileRef = 6DAF39462B3F8C9A0050918E /* messaging_appTests.swift */; };
		6DAF39512B3F8C9A0050918E /* messaging_appUITests.swift in Sources */ = {isa = PBXBuildFile; fileRef = 6DAF39502B3F8C9A0050918E /* messaging_appUITests.swift */; };
		6DAF39532B3F8C9A0050918E /* messaging_appUITestsLaunchTests.swift in Sources */ = {isa = PBXBuildFile; fileRef = 6DAF39522B3F8C9A0050918E /* messaging_appUITestsLaunchTests.swift */; };
/* End PBXBuildFile section */

/* Begin PBXContainerItemProxy section */
		6DAF39432B3F8C9A0050918E /* PBXContainerItemProxy */ = {
			isa = PBXContainerItemProxy;
			containerPortal = 6DAF392A2B3F8C990050918E /* Project object */;
			proxyType = 1;
			remoteGlobalIDString = 6DAF39312B3F8C990050918E;
			remoteInfo = "messaging app";
		};
		6DAF394D2B3F8C9A0050918E /* PBXContainerItemProxy */ = {
			isa = PBXContainerItemProxy;
			containerPortal = 6DAF392A2B3F8C990050918E /* Project object */;
			proxyType = 1;
			remoteGlobalIDString = 6DAF39312B3F8C990050918E;
			remoteInfo = "messaging app";
		};
/* End PBXContainerItemProxy section */

/* Begin PBXFileReference section */
		6DAF39322B3F8C990050918E /* messaging app.app */ = {isa = PBXFileReference; explicitFileType = wrapper.application; includeInIndex = 0; path = "messaging app.app"; sourceTree = BUILT_PRODUCTS_DIR; };
		6DAF39352B3F8C990050918E /* messaging_appApp.swift */ = {isa = PBXFileReference; lastKnownFileType = sourcecode.swift; path = messaging_appApp.swift; sourceTree = "<group>"; };
		6DAF39372B3F8C990050918E /* ContentView.swift */ = {isa = PBXFileReference; lastKnownFileType = sourcecode.swift; path = ContentView.swift; sourceTree = "<group>"; };
		6DAF39392B3F8C9A0050918E /* Assets.xcassets */ = {isa = PBXFileReference; lastKnownFileType = folder.assetcatalog; path = Assets.xcassets; sourceTree = "<group>"; };
		6DAF393C2B3F8C9A0050918E /* Preview Assets.xcassets */ = {isa = PBXFileReference; lastKnownFileType = folder.assetcatalog; path = "Preview Assets.xcassets"; sourceTree = "<group>"; };
		6DAF39422B3F8C9A0050918E /* messaging appTests.xctest */ = {isa = PBXFileReference; explicitFileType = wrapper.cfbundle; includeInIndex = 0; path = "messaging appTests.xctest"; sourceTree = BUILT_PRODUCTS_DIR; };
		6DAF39462B3F8C9A0050918E /* messaging_appTests.swift */ = {isa = PBXFileReference; lastKnownFileType = sourcecode.swift; path = messaging_appTests.swift; sourceTree = "<group>"; };
		6DAF394C2B3F8C9A0050918E /* messaging appUITests.xctest */ = {isa = PBXFileReference; explicitFileType = wrapper.cfbundle; includeInIndex = 0; path = "messaging appUITests.xctest"; sourceTree = BUILT_PRODUCTS_DIR; };
		6DAF39502B3F8C9A0050918E /* messaging_appUITests.swift */ = {isa = PBXFileReference; lastKnownFileType = sourcecode.swift; path = messaging_appUITests.swift; sourceTree = "<group>"; };
		6DAF39522B3F8C9A0050918E /* messaging_appUITestsLaunchTests.swift */ = {isa = PBXFileReference; lastKnownFileType = sourcecode.swift; path = messaging_appUITestsLaunchTests.swift; sourceTree = "<group>"; };
/* End PBXFileReference section */

/* Begin PBXFrameworksBuildPhase section */
		6DAF392F2B3F8C990050918E /* Frameworks */ = {
			isa = PBXFrameworksBuildPhase;
			buildActionMask = 2147483647;
			files = (
			);
			runOnlyForDeploymentPostprocessing = 0;
		};
		6DAF393F2B3F8C9A0050918E /* Frameworks */ = {
			isa = PBXFrameworksBuildPhase;
			buildActionMask = 2147483647;
			files = (
			);
			runOnlyForDeploymentPostprocessing = 0;
		};
		6DAF39492B3F8C9A0050918E /* Frameworks */ = {
			isa = PBXFrameworksBuildPhase;
			buildActionMask = 2147483647;
			files = (
			);
			runOnlyForDeploymentPostprocessing = 0;
		};
/* End PBXFrameworksBuildPhase section */

/* Begin PBXGroup section */
		6DAF39292B3F8C990050918E = {
			isa = PBXGroup;
			children = (
				6DAF39342B3F8C990050918E /* messaging app */,
				6DAF39452B3F8C9A0050918E /* messaging appTests */,
				6DAF394F2B3F8C9A0050918E /* messaging appUITests */,
				6DAF39332B3F8C990050918E /* Products */,
			);
			sourceTree = "<group>";
		};
		6DAF39332B3F8C990050918E /* Products */ = {
			isa = PBXGroup;
			children = (
				6DAF39322B3F8C990050918E /* messaging app.app */,
				6DAF39422B3F8C9A0050918E /* messaging appTests.xctest */,
				6DAF394C2B3F8C9A0050918E /* messaging appUITests.xctest */,
			);
			name = Products;
			sourceTree = "<group>";
		};
		6DAF39342B3F8C990050918E /* messaging app */ = {
			isa = PBXGroup;
			children = (
				6DAF39352B3F8C990050918E /* messaging_appApp.swift */,
				6DAF39372B3F8C990050918E /* ContentView.swift */,
				6DAF39392B3F8C9A0050918E /* Assets.xcassets */,
				6DAF393B2B3F8C9A0050918E /* Preview Content */,
			);
			path = "messaging app";
			sourceTree = "<group>";
		};
		6DAF393B2B3F8C9A0050918E /* Preview Content */ = {
			isa = PBXGroup;
			children = (
				6DAF393C2B3F8C9A0050918E /* Preview Assets.xcassets */,
			);
			path = "Preview Content";
			sourceTree = "<group>";
		};
		6DAF39452B3F8C9A0050918E /* messaging appTests */ = {
			isa = PBXGroup;
			children = (
				6DAF39462B3F8C9A0050918E /* messaging_appTests.swift */,
			);
			path = "messaging appTests";
			sourceTree = "<group>";
		};
		6DAF394F2B3F8C9A0050918E /* messaging appUITests */ = {
			isa = PBXGroup;
			children = (
				6DAF39502B3F8C9A0050918E /* messaging_appUITests.swift */,
				6DAF39522B3F8C9A0050918E /* messaging_appUITestsLaunchTests.swift */,
			);
			path = "messaging appUITests";
			sourceTree = "<group>";
		};
/* End PBXGroup section */

/* Begin PBXNativeTarget section */
		6DAF39312B3F8C990050918E /* messaging app */ = {
			isa = PBXNativeTarget;
			buildConfigurationList = 6DAF39562B3F8C9A0050918E /* Build configuration list for PBXNativeTarget "messaging app" */;
			buildPhases = (
				6DAF392E2B3F8C990050918E /* Sources */,
				6DAF392F2B3F8C990050918E /* Frameworks */,
				6DAF39302B3F8C990050918E /* Resources */,
			);
			buildRules = (
			);
			dependencies = (
			);
			name = "messaging app";
			productName = "messaging app";
			productReference = 6DAF39322B3F8C990050918E /* messaging app.app */;
			productType = "com.apple.product-type.application";
		};
		6DAF39412B3F8C9A0050918E /* messaging appTests */ = {
			isa = PBXNativeTarget;
			buildConfigurationList = 6DAF39592B3F8C9A0050918E /* Build configuration list for PBXNativeTarget "messaging appTests" */;
			buildPhases = (
				6DAF393E2B3F8C9A0050918E /* Sources */,
				6DAF393F2B3F8C9A0050918E /* Frameworks */,
				6DAF39402B3F8C9A0050918E /* Resources */,
			);
			buildRules = (
			);
			dependencies = (
				6DAF39442B3F8C9A0050918E /* PBXTargetDependency */,
			);
			name = "messaging appTests";
			productName = "messaging appTests";
			productReference = 6DAF39422B3F8C9A0050918E /* messaging appTests.xctest */;
			productType = "com.apple.product-type.bundle.unit-test";
		};
		6DAF394B2B3F8C9A0050918E /* messaging appUITests */ = {
			isa = PBXNativeTarget;
			buildConfigurationList = 6DAF395C2B3F8C9A0050918E /* Build configuration list for PBXNativeTarget "messaging appUITests" */;
			buildPhases = (
				6DAF39482B3F8C9A0050918E /* Sources */,
				6DAF39492B3F8C9A0050918E /* Frameworks */,
				6DAF394A2B3F8C9A0050918E /* Resources */,
			);
			buildRules = (
			);
			dependencies = (
				6DAF394E2B3F8C9A0050918E /* PBXTargetDependency */,
			);
			name = "messaging appUITests";
			productName = "messaging appUITests";
			productReference = 6DAF394C2B3F8C9A0050918E /* messaging appUITests.xctest */;
			productType = "com.apple.product-type.bundle.ui-testing";
		};
/* End PBXNativeTarget section */

/* Begin PBXProject section */
		6DAF392A2B3F8C990050918E /* Project object */ = {
			isa = PBXProject;
			attributes = {
				BuildIndependentTargetsInParallel = 1;
				LastSwiftUpdateCheck = 1510;
				LastUpgradeCheck = 1510;
				TargetAttributes = {
					6DAF39312B3F8C990050918E = {
						CreatedOnToolsVersion = 15.1;
					};
					6DAF39412B3F8C9A0050918E = {
						CreatedOnToolsVersion = 15.1;
						TestTargetID = 6DAF39312B3F8C990050918E;
					};
					6DAF394B2B3F8C9A0050918E = {
						CreatedOnToolsVersion = 15.1;
						TestTargetID = 6DAF39312B3F8C990050918E;
					};
				};
			};
			buildConfigurationList = 6DAF392D2B3F8C990050918E /* Build configuration list for PBXProject "messaging app" */;
			compatibilityVersion = "Xcode 14.0";
			developmentRegion = en;
			hasScannedForEncodings = 0;
			knownRegions = (
				en,
				Base,
			);
			mainGroup = 6DAF39292B3F8C990050918E;
			productRefGroup = 6DAF39332B3F8C990050918E /* Products */;
			projectDirPath = "";
			projectRoot = "";
			targets = (
				6DAF39312B3F8C990050918E /* messaging app */,
				6DAF39412B3F8C9A0050918E /* messaging appTests */,
				6DAF394B2B3F8C9A0050918E /* messaging appUITests */,
			);
		};
/* End PBXProject section */

/* Begin PBXResourcesBuildPhase section */
		6DAF39302B3F8C990050918E /* Resources */ = {
			isa = PBXResourcesBuildPhase;
			buildActionMask = 2147483647;
			files = (
				6DAF393D2B3F8C9A0050918E /* Preview Assets.xcassets in Resources */,
				6DAF393A2B3F8C9A0050918E /* Assets.xcassets in Resources */,
			);
			runOnlyForDeploymentPostprocessing = 0;
		};
		6DAF39402B3F8C9A0050918E /* Resources */ = {
			isa = PBXResourcesBuildPhase;
			buildActionMask = 2147483647;
			files = (
			);
			runOnlyForDeploymentPostprocessing = 0;
		};
		6DAF394A2B3F8C9A0050918E /* Resources */ = {
			isa = PBXResourcesBuildPhase;
			buildActionMask = 2147483647;
			files = (
			);
			runOnlyForDeploymentPostprocessing = 0;
		};
/* End PBXResourcesBuildPhase section */

/* Begin PBXSourcesBuildPhase section */
		6DAF392E2B3F8C990050918E /* Sources */ = {
			isa = PBXSourcesBuildPhase;
			buildActionMask = 2147483647;
			files = (
				6DAF39382B3F8C990050918E /* ContentView.swift in Sources */,
				6DAF39362B3F8C990050918E /* messaging_appApp.swift in Sources */,
			);
			runOnlyForDeploymentPostprocessing = 0;
		};
		6DAF393E2B3F8C9A0050918E /* Sources */ = {
			isa = PBXSourcesBuildPhase;
			buildActionMask = 2147483647;
			files = (
				6DAF39472B3F8C9A0050918E /* messaging_appTests.swift in Sources */,
			);
			runOnlyForDeploymentPostprocessing = 0;
		};
		6DAF39482B3F8C9A0050918E /* Sources */ = {
			isa = PBXSourcesBuildPhase;
			buildActionMask = 2147483647;
			files = (
				6DAF39512B3F8C9A0050918E /* messaging_appUITests.swift in Sources */,
				6DAF39532B3F8C9A0050918E /* messaging_appUITestsLaunchTests.swift in Sources */,
			);
			runOnlyForDeploymentPostprocessing = 0;
		};
/* End PBXSourcesBuildPhase section */

/* Begin PBXTargetDependency section */
		6DAF39442B3F8C9A0050918E /* PBXTargetDependency */ = {
			isa = PBXTargetDependency;
			target = 6DAF39312B3F8C990050918E /* messaging app */;
			targetProxy = 6DAF39432B3F8C9A0050918E /* PBXContainerItemProxy */;
		};
		6DAF394E2B3F8C9A0050918E /* PBXTargetDependency */ = {
			isa = PBXTargetDependency;
			target = 6DAF39312B3F8C990050918E /* messaging app */;
			targetProxy = 6DAF394D2B3F8C9A0050918E /* PBXContainerItemProxy */;
		};
/* End PBXTargetDependency section */

/* Begin XCBuildConfiguration section */
		6DAF39542B3F8C9A0050918E /* Debug */ = {
			isa = XCBuildConfiguration;
			buildSettings = {
				ALWAYS_SEARCH_USER_PATHS = NO;
				ASSETCATALOG_COMPILER_GENERATE_SWIFT_ASSET_SYMBOL_EXTENSIONS = YES;
				CLANG_ANALYZER_NONNULL = YES;
				CLANG_ANALYZER_NUMBER_OBJECT_CONVERSION = YES_AGGRESSIVE;
				CLANG_CXX_LANGUAGE_STANDARD = "gnu++20";
				CLANG_ENABLE_MODULES = YES;
				CLANG_ENABLE_OBJC_ARC = YES;
				CLANG_ENABLE_OBJC_WEAK = YES;
				CLANG_WARN_BLOCK_CAPTURE_AUTORELEASING = YES;
				CLANG_WARN_BOOL_CONVERSION = YES;
				CLANG_WARN_COMMA = YES;
				CLANG_WARN_CONSTANT_CONVERSION = YES;
				CLANG_WARN_DEPRECATED_OBJC_IMPLEMENTATIONS = YES;
				CLANG_WARN_DIRECT_OBJC_ISA_USAGE = YES_ERROR;
				CLANG_WARN_DOCUMENTATION_COMMENTS = YES;
				CLANG_WARN_EMPTY_BODY = YES;
				CLANG_WARN_ENUM_CONVERSION = YES;
				CLANG_WARN_INFINITE_RECURSION = YES;
				CLANG_WARN_INT_CONVERSION = YES;
				CLANG_WARN_NON_LITERAL_NULL_CONVERSION = YES;
				CLANG_WARN_OBJC_IMPLICIT_RETAIN_SELF = YES;
				CLANG_WARN_OBJC_LITERAL_CONVERSION = YES;
				CLANG_WARN_OBJC_ROOT_CLASS = YES_ERROR;
				CLANG_WARN_QUOTED_INCLUDE_IN_FRAMEWORK_HEADER = YES;
				CLANG_WARN_RANGE_LOOP_ANALYSIS = YES;
				CLANG_WARN_STRICT_PROTOTYPES = YES;
				CLANG_WARN_SUSPICIOUS_MOVE = YES;
				CLANG_WARN_UNGUARDED_AVAILABILITY = YES_AGGRESSIVE;
				CLANG_WARN_UNREACHABLE_CODE = YES;
				CLANG_WARN__DUPLICATE_METHOD_MATCH = YES;
				COPY_PHASE_STRIP = NO;
				DEBUG_INFORMATION_FORMAT = dwarf;
				ENABLE_STRICT_OBJC_MSGSEND = YES;
				ENABLE_TESTABILITY = YES;
				ENABLE_USER_SCRIPT_SANDBOXING = YES;
				GCC_C_LANGUAGE_STANDARD = gnu17;
				GCC_DYNAMIC_NO_PIC = NO;
				GCC_NO_COMMON_BLOCKS = YES;
				GCC_OPTIMIZATION_LEVEL = 0;
				GCC_PREPROCESSOR_DEFINITIONS = (
					"DEBUG=1",
					"$(inherited)",
				);
				GCC_WARN_64_TO_32_BIT_CONVERSION = YES;
				GCC_WARN_ABOUT_RETURN_TYPE = YES_ERROR;
				GCC_WARN_UNDECLARED_SELECTOR = YES;
				GCC_WARN_UNINITIALIZED_AUTOS = YES_AGGRESSIVE;
				GCC_WARN_UNUSED_FUNCTION = YES;
				GCC_WARN_UNUSED_VARIABLE = YES;
				IPHONEOS_DEPLOYMENT_TARGET = 17.2;
				LOCALIZATION_PREFERS_STRING_CATALOGS = YES;
				MTL_ENABLE_DEBUG_INFO = INCLUDE_SOURCE;
				MTL_FAST_MATH = YES;
				ONLY_ACTIVE_ARCH = YES;
				SDKROOT = iphoneos;
				SWIFT_ACTIVE_COMPILATION_CONDITIONS = "DEBUG $(inherited)";
				SWIFT_OPTIMIZATION_LEVEL = "-Onone";
			};
			name = Debug;
		};
		6DAF39552B3F8C9A0050918E /* Release */ = {
			isa = XCBuildConfiguration;
			buildSettings = {
				ALWAYS_SEARCH_USER_PATHS = NO;
				ASSETCATALOG_COMPILER_GENERATE_SWIFT_ASSET_SYMBOL_EXTENSIONS = YES;
				CLANG_ANALYZER_NONNULL = YES;
				CLANG_ANALYZER_NUMBER_OBJECT_CONVERSION = YES_AGGRESSIVE;
				CLANG_CXX_LANGUAGE_STANDARD = "gnu++20";
				CLANG_ENABLE_MODULES = YES;
				CLANG_ENABLE_OBJC_ARC = YES;
				CLANG_ENABLE_OBJC_WEAK = YES;
				CLANG_WARN_BLOCK_CAPTURE_AUTORELEASING = YES;
				CLANG_WARN_BOOL_CONVERSION = YES;
				CLANG_WARN_COMMA = YES;
				CLANG_WARN_CONSTANT_CONVERSION = YES;
				CLANG_WARN_DEPRECATED_OBJC_IMPLEMENTATIONS = YES;
				CLANG_WARN_DIRECT_OBJC_ISA_USAGE = YES_ERROR;
				CLANG_WARN_DOCUMENTATION_COMMENTS = YES;
				CLANG_WARN_EMPTY_BODY = YES;
				CLANG_WARN_ENUM_CONVERSION = YES;
				CLANG_WARN_INFINITE_RECURSION = YES;
				CLANG_WARN_INT_CONVERSION = YES;
				CLANG_WARN_NON_LITERAL_NULL_CONVERSION = YES;
				CLANG_WARN_OBJC_IMPLICIT_RETAIN_SELF = YES;
				CLANG_WARN_OBJC_LITERAL_CONVERSION = YES;
				CLANG_WARN_OBJC_ROOT_CLASS = YES_ERROR;
				CLANG_WARN_QUOTED_INCLUDE_IN_FRAMEWORK_HEADER = YES;
				CLANG_WARN_RANGE_LOOP_ANALYSIS = YES;
				CLANG_WARN_STRICT_PROTOTYPES = YES;
				CLANG_WARN_SUSPICIOUS_MOVE = YES;
				CLANG_WARN_UNGUARDED_AVAILABILITY = YES_AGGRESSIVE;
				CLANG_WARN_UNREACHABLE_CODE = YES;
				CLANG_WARN__DUPLICATE_METHOD_MATCH = YES;
				COPY_PHASE_STRIP = NO;
				DEBUG_INFORMATION_FORMAT = "dwarf-with-dsym";
				ENABLE_NS_ASSERTIONS = NO;
				ENABLE_STRICT_OBJC_MSGSEND = YES;
				ENABLE_USER_SCRIPT_SANDBOXING = YES;
				GCC_C_LANGUAGE_STANDARD = gnu17;
				GCC_NO_COMMON_BLOCKS = YES;
				GCC_WARN_64_TO_32_BIT_CONVERSION = YES;
				GCC_WARN_ABOUT_RETURN_TYPE = YES_ERROR;
				GCC_WARN_UNDECLARED_SELECTOR = YES;
				GCC_WARN_UNINITIALIZED_AUTOS = YES_AGGRESSIVE;
				GCC_WARN_UNUSED_FUNCTION = YES;
				GCC_WARN_UNUSED_VARIABLE = YES;
				IPHONEOS_DEPLOYMENT_TARGET = 17.2;
				LOCALIZATION_PREFERS_STRING_CATALOGS = YES;
				MTL_ENABLE_DEBUG_INFO = NO;
				MTL_FAST_MATH = YES;
				SDKROOT = iphoneos;
				SWIFT_COMPILATION_MODE = wholemodule;
				VALIDATE_PRODUCT = YES;
			};
			name = Release;
		};
		6DAF39572B3F8C9A0050918E /* Debug */ = {
			isa = XCBuildConfiguration;
			buildSettings = {
				ASSETCATALOG_COMPILER_APPICON_NAME = AppIcon;
				ASSETCATALOG_COMPILER_GLOBAL_ACCENT_COLOR_NAME = AccentColor;
				CODE_SIGN_STYLE = Automatic;
				CURRENT_PROJECT_VERSION = 1;
				DEVELOPMENT_ASSET_PATHS = "\"messaging app/Preview Content\"";
				ENABLE_PREVIEWS = YES;
				GENERATE_INFOPLIST_FILE = YES;
				INFOPLIST_KEY_UIApplicationSceneManifest_Generation = YES;
				INFOPLIST_KEY_UIApplicationSupportsIndirectInputEvents = YES;
				INFOPLIST_KEY_UILaunchScreen_Generation = YES;
				INFOPLIST_KEY_UISupportedInterfaceOrientations_iPad = "UIInterfaceOrientationPortrait UIInterfaceOrientationPortraitUpsideDown UIInterfaceOrientationLandscapeLeft UIInterfaceOrientationLandscapeRight";
				INFOPLIST_KEY_UISupportedInterfaceOrientations_iPhone = "UIInterfaceOrientationPortrait UIInterfaceOrientationLandscapeLeft UIInterfaceOrientationLandscapeRight";
				LD_RUNPATH_SEARCH_PATHS = (
					"$(inherited)",
					"@executable_path/Frameworks",
				);
				MARKETING_VERSION = 1.0;
				PRODUCT_BUNDLE_IDENTIFIER = "mo.messaging-app";
				PRODUCT_NAME = "$(TARGET_NAME)";
				SWIFT_EMIT_LOC_STRINGS = YES;
				SWIFT_VERSION = 5.0;
				TARGETED_DEVICE_FAMILY = "1,2";
			};
			name = Debug;
		};
		6DAF39582B3F8C9A0050918E /* Release */ = {
			isa = XCBuildConfiguration;
			buildSettings = {
				ASSETCATALOG_COMPILER_APPICON_NAME = AppIcon;
				ASSETCATALOG_COMPILER_GLOBAL_ACCENT_COLOR_NAME = AccentColor;
				CODE_SIGN_STYLE = Automatic;
				CURRENT_PROJECT_VERSION = 1;
				DEVELOPMENT_ASSET_PATHS = "\"messaging app/Preview Content\"";
				ENABLE_PREVIEWS = YES;
				GENERATE_INFOPLIST_FILE = YES;
				INFOPLIST_KEY_UIApplicationSceneManifest_Generation = YES;
				INFOPLIST_KEY_UIApplicationSupportsIndirectInputEvents = YES;
				INFOPLIST_KEY_UILaunchScreen_Generation = YES;
				INFOPLIST_KEY_UISupportedInterfaceOrientations_iPad = "UIInterfaceOrientationPortrait UIInterfaceOrientationPortraitUpsideDown UIInterfaceOrientationLandscapeLeft UIInterfaceOrientationLandscapeRight";
				INFOPLIST_KEY_UISupportedInterfaceOrientations_iPhone = "UIInterfaceOrientationPortrait UIInterfaceOrientationLandscapeLeft UIInterfaceOrientationLandscapeRight";
				LD_RUNPATH_SEARCH_PATHS = (
					"$(inherited)",
					"@executable_path/Frameworks",
				);
				MARKETING_VERSION = 1.0;
				PRODUCT_BUNDLE_IDENTIFIER = "mo.messaging-app";
				PRODUCT_NAME = "$(TARGET_NAME)";
				SWIFT_EMIT_LOC_STRINGS = YES;
				SWIFT_VERSION = 5.0;
				TARGETED_DEVICE_FAMILY = "1,2";
			};
			name = Release;
		};
		6DAF395A2B3F8C9A0050918E /* Debug */ = {
			isa = XCBuildConfiguration;
			buildSettings = {
				ALWAYS_EMBED_SWIFT_STANDARD_LIBRARIES = YES;
				BUNDLE_LOADER = "$(TEST_HOST)";
				CODE_SIGN_STYLE = Automatic;
				CURRENT_PROJECT_VERSION = 1;
				GENERATE_INFOPLIST_FILE = YES;
				IPHONEOS_DEPLOYMENT_TARGET = 17.2;
				MARKETING_VERSION = 1.0;
				PRODUCT_BUNDLE_IDENTIFIER = "mo.messaging-appTests";
				PRODUCT_NAME = "$(TARGET_NAME)";
				SWIFT_EMIT_LOC_STRINGS = NO;
				SWIFT_VERSION = 5.0;
				TARGETED_DEVICE_FAMILY = "1,2";
				TEST_HOST = "$(BUILT_PRODUCTS_DIR)/messaging app.app/$(BUNDLE_EXECUTABLE_FOLDER_PATH)/messaging app";
			};
			name = Debug;
		};
		6DAF395B2B3F8C9A0050918E /* Release */ = {
			isa = XCBuildConfiguration;
			buildSettings = {
				ALWAYS_EMBED_SWIFT_STANDARD_LIBRARIES = YES;
				BUNDLE_LOADER = "$(TEST_HOST)";
				CODE_SIGN_STYLE = Automatic;
				CURRENT_PROJECT_VERSION = 1;
				GENERATE_INFOPLIST_FILE = YES;
				IPHONEOS_DEPLOYMENT_TARGET = 17.2;
				MARKETING_VERSION = 1.0;
				PRODUCT_BUNDLE_IDENTIFIER = "mo.messaging-appTests";
				PRODUCT_NAME = "$(TARGET_NAME)";
				SWIFT_EMIT_LOC_STRINGS = NO;
				SWIFT_VERSION = 5.0;
				TARGETED_DEVICE_FAMILY = "1,2";
				TEST_HOST = "$(BUILT_PRODUCTS_DIR)/messaging app.app/$(BUNDLE_EXECUTABLE_FOLDER_PATH)/messaging app";
			};
			name = Release;
		};
		6DAF395D2B3F8C9A0050918E /* Debug */ = {
			isa = XCBuildConfiguration;
			buildSettings = {
				ALWAYS_EMBED_SWIFT_STANDARD_LIBRARIES = YES;
				CODE_SIGN_STYLE = Automatic;
				CURRENT_PROJECT_VERSION = 1;
				GENERATE_INFOPLIST_FILE = YES;
				MARKETING_VERSION = 1.0;
				PRODUCT_BUNDLE_IDENTIFIER = "mo.messaging-appUITests";
				PRODUCT_NAME = "$(TARGET_NAME)";
				SWIFT_EMIT_LOC_STRINGS = NO;
				SWIFT_VERSION = 5.0;
				TARGETED_DEVICE_FAMILY = "1,2";
				TEST_TARGET_NAME = "messaging app";
			};
			name = Debug;
		};
		6DAF395E2B3F8C9A0050918E /* Release */ = {
			isa = XCBuildConfiguration;
			buildSettings = {
				ALWAYS_EMBED_SWIFT_STANDARD_LIBRARIES = YES;
				CODE_SIGN_STYLE = Automatic;
				CURRENT_PROJECT_VERSION = 1;
				GENERATE_INFOPLIST_FILE = YES;
				MARKETING_VERSION = 1.0;
				PRODUCT_BUNDLE_IDENTIFIER = "mo.messaging-appUITests";
				PRODUCT_NAME = "$(TARGET_NAME)";
				SWIFT_EMIT_LOC_STRINGS = NO;
				SWIFT_VERSION = 5.0;
				TARGETED_DEVICE_FAMILY = "1,2";
				TEST_TARGET_NAME = "messaging app";
			};
			name = Release;
		};
/* End XCBuildConfiguration section */

/* Begin XCConfigurationList section */
		6DAF392D2B3F8C990050918E /* Build configuration list for PBXProject "messaging app" */ = {
			isa = XCConfigurationList;
			buildConfigurations = (
				6DAF39542B3F8C9A0050918E /* Debug */,
				6DAF39552B3F8C9A0050918E /* Release */,
			);
			defaultConfigurationIsVisible = 0;
			defaultConfigurationName = Release;
		};
		6DAF39562B3F8C9A0050918E /* Build configuration list for PBXNativeTarget "messaging app" */ = {
			isa = XCConfigurationList;
			buildConfigurations = (
				6DAF39572B3F8C9A0050918E /* Debug */,
				6DAF39582B3F8C9A0050918E /* Release */,
			);
			defaultConfigurationIsVisible = 0;
			defaultConfigurationName = Release;
		};
		6DAF39592B3F8C9A0050918E /* Build configuration list for PBXNativeTarget "messaging appTests" */ = {
			isa = XCConfigurationList;
			buildConfigurations = (
				6DAF395A2B3F8C9A0050918E /* Debug */,
				6DAF395B2B3F8C9A0050918E /* Release */,
			);
			defaultConfigurationIsVisible = 0;
			defaultConfigurationName = Release;
		};
		6DAF395C2B3F8C9A0050918E /* Build configuration list for PBXNativeTarget "messaging appUITests" */ = {
			isa = XCConfigurationList;
			buildConfigurations = (
				6DAF395D2B3F8C9A0050918E /* Debug */,
				6DAF395E2B3F8C9A0050918E /* Release */,
			);
			defaultConfigurationIsVisible = 0;
			defaultConfigurationName = Release;
		};
/* End XCConfigurationList section */
	};
	rootObject = 6DAF392A2B3F8C990050918E /* Project object */;
}
